
Microsoft Visual Studio Solution File, Format Version 12.00
# Visual Studio Version 16
VisualStudioVersion = 16.0.810.13
MinimumVisualStudioVersion = 10.0.40219.1
Project("{FAE04EC0-301F-11D3-BF4B-00C04F79EFBC}") = "openapi_dotnet", "openapi_dotnet\openapi_dotnet.csproj", "{52643F6A-A3D5-4889-85E3-FC12AF580622}"
EndProject
Global
	GlobalSection(SolutionConfigurationPlatforms) = preSolution
		Debug|Any CPU = Debug|Any CPU
		Release|Any CPU = Release|Any CPU
	EndGlobalSection
	GlobalSection(ProjectConfigurationPlatforms) = postSolution
		{52643F6A-A3D5-4889-85E3-FC12AF580622}.Debug|Any CPU.ActiveCfg = Debug|Any CPU
		{52643F6A-A3D5-4889-85E3-FC12AF580622}.Debug|Any CPU.Build.0 = Debug|Any CPU
		{52643F6A-A3D5-4889-85E3-FC12AF580622}.Release|Any CPU.ActiveCfg = Release|Any CPU
		{52643F6A-A3D5-4889-85E3-FC12AF580622}.Release|Any CPU.Build.0 = Release|Any CPU
	EndGlobalSection
	GlobalSection(SolutionProperties) = preSolution
		HideSolutionNode = FALSE
	EndGlobalSection
	GlobalSection(ExtensibilityGlobals) = postSolution
		SolutionGuid = {546447CF-ECA9-43D8-9C42-56BB5CB4701C}
	EndGlobalSection
EndGlobal
